lockfileVersion: '9.0'

settings:
  autoInstallPeers: true
  excludeLinksFromLockfile: false

importers:

  .:
    dependencies:
      imapflow:
        specifier: ^1.7.1
        version: 1.7.8
      mailparser:
        specifier: ^3.9.15
        version: 3.9.28
      pg:
        specifier: ^8.13.1
        version: 8.23.0
      web-push:
        specifier: ^3.6.7
        version: 3.6.7
      xlsx:
        specifier: https://cdn.sheetjs.com/xlsx-0.20.3/xlsx-0.20.3.tgz
        version: https://cdn.sheetjs.com/xlsx-0.20.3/xlsx-0.20.3.tgz

packages:

  '@pinojs/redact@0.4.0':
    resolution: {integrity: sha512-k2ENnmBugE/rzQfEcdWHcCY+/FM3VLzH9cYEsbdsoqrvzAKRhUZeRNhAZvB8OitQJ1TBed3yqWtdjzS6wJKBwg==}

  '@selderee/plugin-htmlparser2@0.12.0':
    resolution: {integrity: sha512-oELmoyA6ML9jDRMV3kgcMQFKxUfBU0yFVn6yTctVaLT5ygXnxH52I3TZEgV9EhXJC68/uFvE5Daj1/25c0Xa/A==}
    peerDependencies:
      selderee: ~0.12.0

  '@zone-eu/mailsplit@5.4.16':
    resolution: {integrity: sha512-zQ9iXvlT3Wi/hazeC1MdI4rQc1UJwJ6IQ6QzSZ5KDxLZZWQSazWLOzImLFluXadKShJ9WJvI1xH+AyVS8b9azg==}

  '@zone-eu/mailsplit@5.4.17':
    resolution: {integrity: sha512-LOMzdrKRVgaghLaezIPdHRhsGpfDiWNQo1RptWc84CRllI4dWLwqX/L4x1iTt1CaeyvyUfMXM/6mjIsEisT3Tg==}

  agent-base@7.1.4:
    resolution: {integrity: sha512-MnA+YT8fwfJPgBx3m60MNqakm30XOkyIoH1y6huTQvC0PwZG7ki8NacLBcrPbNoo8vEZy7Jpuk7+jMO+CUovTQ==}
    engines: {node: '>= 14'}

  asn1.js@5.4.1:
    resolution: {integrity: sha512-+I//4cYPccV8LdmBLiX8CYvf9Sp3vQsrqu2QNXRcrbiWvcx/UdlFiqUJJzxRQxgsZmvhXhn4cSKeSmoFjVdupA==}

  atomic-sleep@1.0.0:
    resolution: {integrity: sha512-kNOjDqAh7px0XWNI+4QbzoiR/nTkHAWNud2uvnJquD1/x5a7EQZMJT0AczqK0Qn67oY/TTQ1LbUKajZpp3I9tQ==}
    engines: {node: '>=8.0.0'}

  bn.js@4.12.5:
    resolution: {integrity: sha512-3aRg6/JxfffFD+OlOjOFR3Vo79l39ooBTFucxx+MT3dhCtzn3EmiUPQo+6/OZuI2jbXi3YKgmiTFBgChQMwIRQ==}

  buffer-equal-constant-time@1.0.1:
    resolution: {integrity: sha512-zRpUiDwd/xk6ADqPMATG8vc9VPrkck7T07OIx0gnjmJAnHnTVXNQG3vfvWNuiZIkwu9KrKdA1iJKfsfTVxE6NA==}

  debug@4.4.3:
    resolution: {integrity: sha512-RGwwWnwQvkVfavKVt22FGLw+xYSdzARwm0ru6DhTVA3umU5hZc28V3kO4stgYryrTlLpuvgI9GiijltAjNbcqA==}
    engines: {node: '>=6.0'}
    peerDependencies:
      supports-color: '*'
    peerDependenciesMeta:
      supports-color:
        optional: true

  deepmerge-ts@8.0.2:
    resolution: {integrity: sha512-uqbvqLUMrc6p0MO+WBRtTxY55hmyh94WRwI5a++PZe54X+bfVh59FSN7uWCBCW1CCVjzjnrwzfI8zidE2obMMw==}
    engines: {node: '>=16.9.0'}

  dom-serializer@2.0.0:
    resolution: {integrity: sha512-wIkAryiqt/nV5EQKqQpo3SToSOV9J0DnbJqwK7Wv/Trc92zIAYZ4FlMu+JPFW1DfGFt81ZTCGgDEabffXeLyJg==}

  domelementtype@2.3.0:
    resolution: {integrity: sha512-OLETBj6w0OsagBwdXnPdN0cnMfF9opN69co+7ZrbfPGrdpPVNBUj02spi6B1N7wChLQiPn4CSH/zJvXw56gmHw==}

  domhandler@5.0.3:
    resolution: {integrity: sha512-cgwlv/1iFQiFnU96XXgROh8xTeetsnJiDsTc7TYCLFd9+/WNkIqPTxiM/8pSd8VIrhXGTf1Ny1q1hquVqDJB5w==}
    engines: {node: '>= 4'}

  domutils@3.2.2:
    resolution: {integrity: sha512-6kZKyUajlDuqlHKVX1w7gyslj9MPIXzIFiz/rGu35uC1wMi+kMhQwGhl4lt9unC9Vb9INnY9Z3/ZA3+FhASLaw==}

  ecdsa-sig-formatter@1.0.11:
    resolution: {integrity: sha512-nagl3RYrbNv6kQkeJIpt6NJZy8twLB/2vtz6yN9Z4vRKHN4/QZJIEbqohALSgwKdnksuY3k5Addp5lg8sVoVcQ==}

  encoding-japanese@2.3.0:
    resolution: {integrity: sha512-eQyh1vzHz13DUkZcJO+0IOAoKXRQwKV5IBffeuYsWZyRLGiSzfzXObCqWvqFXdX0UU8qOk+lBXbkUhMCpdJe4Q==}
    engines: {node: '>=18.0.0'}

  encoding-japanese@2.4.0:
    resolution: {integrity: sha512-PE0KjlsDy9JSsoU4C2Q8NXb1kC4c+bZRac9ZvHXUE4q1Ht63gScKMdEy9jst9+Fi3M4eDkqzkEhBZvix4blP2A==}
    engines: {node: '>=18.0.0'}

  entities@4.5.0:
    resolution: {integrity: sha512-V0hjH4dGPh9Ao5p0MoRY6BVqtwCjhz6vI5LT8AJ55H+4g9/4vbHx1I54fS0XuclLhDHArPQCiMjDxjaL8fPxhw==}
    engines: {node: '>=0.12'}

  entities@7.0.1:
    resolution: {integrity: sha512-TWrgLOFUQTH994YUyl1yT4uyavY5nNB5muff+RtWaqNVCAK408b5ZnnbNAUEWLTCpum9w6arT70i1XdQ4UeOPA==}
    engines: {node: '>=0.12'}

  he@1.2.0:
    resolution: {integrity: sha512-F/1DnUGPopORZi0ni+CvrCgHQ5FyEAHRLSApuYWMmrbSwoN2Mn/7k+Gl38gJnR7yyDZk6WLXwiGod1JOWNDKGw==}
    hasBin: true

  html-to-text@10.0.1:
    resolution: {integrity: sha512-GiVhRI1BatGARSCmlXWNCjDT0cWrwBWoeduLoV0WSKAgaV/wa+hUWy5LiQLUs4UwiUrE52ZCMfBGiKD87TDPrg==}
    engines: {node: '>=20.19.0'}

  htmlparser2@10.1.0:
    resolution: {integrity: sha512-VTZkM9GWRAtEpveh7MSF6SjjrpNVNNVJfFup7xTY3UpFtm67foy9HDVXneLtFVt4pMz5kZtgNcvCniNFb1hlEQ==}

  http_ece@1.2.0:
    resolution: {integrity: sha512-JrF8SSLVmcvc5NducxgyOrKXe3EsyHMgBFgSaIUGmArKe+rwr0uphRkRXvwiom3I+fpIfoItveHrfudL8/rxuA==}
    engines: {node: '>=16'}

  https-proxy-agent@7.0.6:
    resolution: {integrity: sha512-vK9P5/iUfdl95AI+JVyUuIcVtd4ofvtrOr3HNtM2yxC9bnMbEdp3x01OhQNnjb8IJYi38VlTE3mBXwcfvywuSw==}
    engines: {node: '>= 14'}

  iconv-lite@0.7.3:
    resolution: {integrity: sha512-IKXpvIzjnC9XTAUbVBcMfGS0EPaIXtW6v+zr+RRp+hqULEpo0owZax6wyRwPOJbWbzjYspQwusTsfVr0ifh4uQ==}
    engines: {node: '>=0.10.0'}

  imapflow@1.7.8:
    resolution: {integrity: sha512-dJoCIdZOJh26Rn2PdwEzwj0bRDgGBxxX38pio534FagIHVuR2l0SAfLr6sJo32YfuJHiSs/U2ntNDHnMg3/Hlg==}

  inherits@2.0.4:
    resolution: {integrity: sha512-k/vGaX4/Yla3WzyMCvTQOXYeIHvqOKtnqBduzTHpzpQZzAskKMhZ2K+EnBiSM9zGSoIFeMpXKxa4dYeZIQqewQ==}

  ip-address@10.7.2:
    resolution: {integrity: sha512-7H/2gFSIitxc0hG3nOI1glS8QLo/EHBFFLk8vEUjXY/xu0AdL8jZ9U1IzO2PUm0d2D/ofQcAifb0g6OBkt8U7w==}
    engines: {node: '>= 12'}

  jwa@2.0.1:
    resolution: {integrity: sha512-hRF04fqJIP8Abbkq5NKGN0Bbr3JxlQ+qhZufXVr0DvujKy93ZCbXZMHDL4EOtodSbCWxOqR8MS1tXA5hwqCXDg==}

  jws@4.0.1:
    resolution: {integrity: sha512-EKI/M/yqPncGUUh44xz0PxSidXFr/+r0pA70+gIYhjv+et7yxM+s29Y+VGDkovRofQem0fs7Uvf4+YmAdyRduA==}

  leac@0.7.0:
    resolution: {integrity: sha512-qMrZeyEekgdRQ9o6a4NAB2EQZrv827GJdn1vnapwSJ90hWRB4TzUSunvacPkxQ2TnNqHNI1/zSt0hlo0crG8Jw==}

  libbase64@1.3.0:
    resolution: {integrity: sha512-GgOXd0Eo6phYgh0DJtjQ2tO8dc0IVINtZJeARPeiIJqge+HdsWSuaDTe8ztQ7j/cONByDZ3zeB325AHiv5O0dg==}

  libmime@5.4.3:
    resolution: {integrity: sha512-di9BoDabBUMqjeD/wGj+hHpSgdqAph5ui7w6OdY6NpzU6O6VFLQsMOg9tqCjm/zf9OHzAM9EZxSOF7uIb8O8Hw==}

  libmime@5.4.4:
    resolution: {integrity: sha512-d3zZ2k8s6iO+8u9Vfkl6HfhD5lSVocGcmOViTz/i0CJcwhJADyubEJ/+TkBhuLDUSIBOiG+D8G5kJKwXwKbXXA==}

  libqp@2.1.1:
    resolution: {integrity: sha512-0Wd+GPz1O134cP62YU2GTOPNA7Qgl09XwCqM5zpBv87ERCXdfDtyKXvV7c9U22yWJh44QZqBocFnXN11K96qow==}

  linkify-it@5.0.2:
    resolution: {integrity: sha512-ONTm2jCMAVZjgQa/Fy1kScXsuOoF5NPTsoFBdE1KVIZ2vAh/r9+Bqo+0jINCBYnavTPQZz38QzFTme79ENoN3Q==}

  mailparser@3.9.28:
    resolution: {integrity: sha512-O7oCYzWW9YH5lHk/y3Z8R8dFnUq8wqaH146BuU2NDt/3MGjdfMLzGF2Ft7WksTCeq00covNKpwxQabcG3zJFqQ==}
    engines: {node: '>=20.0.0'}

  minimalistic-assert@1.0.1:
    resolution: {integrity: sha512-UtJcAD4yEaGtjPezWuO9wC4nwUnVH/8/Im3yEHQP4b67cXlD/Qr9hdITCU1xDbSEXg2XKNaP8jsReV7vQd00/A==}

  minimist@1.2.8:
    resolution: {integrity: sha512-2yyAR8qBkN3YuheJanUpWC5U3bb5osDywNB8RzDVlDwDHbocAJveqqj1u8+SVD7jkWT4yvsHCpWqqWqAxb0zCA==}

  ms@2.1.3:
    resolution: {integrity: sha512-6FlzubTLZG3J2a/NVCAleEhjzq5oxgHyaCU9yYXvcLsvoVaHJq/s5xXI6/XXP6tz7R9xAOtHnSO/tXtF3WRTlA==}

  nodemailer@10.0.10:
    resolution: {integrity: sha512-He9XskOFms62SyAKkLu8CcGcYHAo+BSHSsORI8s4PJH8qZgZY4L4lDfvyN0twvmbpyG+eGrxpyBlskj9d9rJ8A==}
    engines: {node: '>=20.0.0'}

  on-exit-leak-free@2.1.2:
    resolution: {integrity: sha512-0eJJY6hXLGf1udHwfNftBqH+g73EU4B504nZeKpz1sYRKafAghwxEJunB2O7rDZkL4PGfsMVnTXZ2EjibbqcsA==}
    engines: {node: '>=14.0.0'}

  parseley@0.13.1:
    resolution: {integrity: sha512-uNBJZzmb60l6p6VWLTmevizNAGnE0xoSf1n0B4q3ntegDNzcS68NRCcBDZTcyXHxt2XhBChsCuqj4M+nChvE/A==}

  peberminta@0.10.0:
    resolution: {integrity: sha512-80B2AsU+I4Qdb0ZAPSfe9UwvGzwkM37IKIFEvdS3D/3Ndgv2bsuJ0bfG1+iEYO+l7Gfd4EUJmuRyq7efLgRMzQ==}

  pg-cloudflare@1.4.0:
    resolution: {integrity: sha512-Vo7z/6rrQYxpNRylp4Tlob2elzbh+N/MOQbxFVWCxS7oEx6jF53GTJFxK2WWpKuBRkmiin4Mt+xofFDjx09R0A==}

  pg-connection-string@2.14.0:
    resolution: {integrity: sha512-XwWDGcLRGCXAR8F/AM5bG7Q+A3Wm2s6QeEjlOKZLlH3UYcguiqCWKyWXVag5TLTIjR7oOJUY8kcADaZgWPyLeg==}

  pg-int8@1.0.1:
    resolution: {integrity: sha512-WCtabS6t3c8SkpDBUlb1kjOs7l66xsGdKpIPZsg4wR+B3+u9UAum2odSsF9tnvxg80h4ZxLWMy4pRjOsFIqQpw==}
    engines: {node: '>=4.0.0'}

  pg-pool@3.14.0:
    resolution: {integrity: sha512-gKtPkFdQPU3DksooVLi9LsjZxrsBUZIpa+7aVx+LV5pNh0KzP4Zleud2po+ConrxbuXGBJ6Hfer6hdgpIBpBaw==}
    peerDependencies:
      pg: '>=8.0'

  pg-protocol@1.16.0:
    resolution: {integrity: sha512-sILXutLVjCLjcDuOmvhX5e2Z4cS5qG/6Bu3VkpFwdf/633ElGLpEh9bgmuI5I4sqKqkifQiGyiCcx1HdtrK7tg==}

  pg-types@2.2.0:
    resolution: {integrity: sha512-qTAAlrEsl8s4OiEQY69wDvcMIdQN6wdz5ojQiOy6YRMuynxenON0O5oCpJI6lshc6scgAY8qvJ2On/p+CXY0GA==}
    engines: {node: '>=4'}

  pg@8.23.0:
    resolution: {integrity: sha512-Ip2EQCngowJLGOfCwkFhPXU7/ljlhn6Rxlmy4XYfL2Y+vyRM59+8uR2xqRWKdYmbXmxCFOAmKxBuSUCdF34qLg==}
    engines: {node: '>= 16.0.0'}
    peerDependencies:
      pg-native: '>=3.0.1'
    peerDependenciesMeta:
      pg-native:
        optional: true

  pgpass@1.0.5:
    resolution: {integrity: sha512-FdW9r/jQZhSeohs1Z3sI1yxFQNFvMcnmfuj4WBMUTxOrAyLMaTcE1aAMBiTlbMNaXvBCQuVi0R7hd8udDSP7ug==}

  pino-abstract-transport@3.0.0:
    resolution: {integrity: sha512-wlfUczU+n7Hy/Ha5j9a/gZNy7We5+cXp8YL+X+PG8S0KXxw7n/JXA3c46Y0zQznIJ83URJiwy7Lh56WLokNuxg==}

  pino-std-serializers@7.1.0:
    resolution: {integrity: sha512-BndPH67/JxGExRgiX1dX0w1FvZck5Wa4aal9198SrRhZjH3GxKQUKIBnYJTdj2HDN3UQAS06HlfcSbQj2OHmaw==}

  pino@10.3.1:
    resolution: {integrity: sha512-r34yH/GlQpKZbU1BvFFqOjhISRo1MNx1tWYsYvmj6KIRHSPMT2+yHOEb1SG6NMvRoHRF0a07kCOox/9yakl1vg==}
    hasBin: true

  postgres-array@2.0.0:
    resolution: {integrity: sha512-VpZrUqU5A69eQyW2c5CA1jtLecCsN2U/bD6VilrFDWq5+5UIEVO7nazS3TEcHf1zuPYO/sqGvUvW62g86RXZuA==}
    engines: {node: '>=4'}

  postgres-bytea@1.0.1:
    resolution: {integrity: sha512-5+5HqXnsZPE65IJZSMkZtURARZelel2oXUEO8rH83VS/hxH5vv1uHquPg5wZs8yMAfdv971IU+kcPUczi7NVBQ==}
    engines: {node: '>=0.10.0'}

  postgres-date@1.0.7:
    resolution: {integrity: sha512-suDmjLVQg78nMK2UZ454hAG+OAW+HQPZ6n++TNDUX+L0+uUlLywnoxJKDou51Zm+zTCjrCl0Nq6J9C5hP9vK/Q==}
    engines: {node: '>=0.10.0'}

  postgres-interval@1.2.0:
    resolution: {integrity: sha512-9ZhXKM/rw350N1ovuWHbGxnGh/SNJ4cnxHiM0rxE4VN41wsg8P8zWn9hv/buK00RP4WvlOyr/RBDiptyxVbkZQ==}
    engines: {node: '>=0.10.0'}

  process-warning@5.1.0:
    resolution: {integrity: sha512-jQSaVHsPgtyw60e1rQ/A+/ArPEj/S8pS/vFnyGa/gYFXrKk/6RuDkoqVDQ5NI5MmS01698ltlAk0NoDBNLujRw==}

  punycode.js@2.3.1:
    resolution: {integrity: sha512-uxFIHU0YlHYhDQtV4R9J6a52SLx28BCjT+4ieh7IGbgwVJWO+km431c4yRlREUAsAmt/uMjQUyQHNEPf0M39CA==}
    engines: {node: '>=6'}

  quick-format-unescaped@4.0.4:
    resolution: {integrity: sha512-tYC1Q1hgyRuHgloV/YXs2w15unPVh8qfu/qCTfhTYamaw7fyhumKa2yGpdSo87vY32rIclj+4fWYQXUMs9EHvg==}

  real-require@0.2.0:
    resolution: {integrity: sha512-57frrGM/OCTLqLOAh0mhVA9VBMHd+9U7Zb2THMGdBUoZVOtGbJzjxsYGDJ3A9AYYCP4hn6y1TVbaOfzWtm5GFg==}
    engines: {node: '>= 12.13.0'}

  real-require@1.0.0:
    resolution: {integrity: sha512-P4nbQYQfePJxRSmY+v/KINxVucm4NF3p3s7pJveMTtom52FR4YGltUQLB8idDXwDDWW+eYrWDFbuzUnjoWHF7g==}

  safe-buffer@5.2.1:
    resolution: {integrity: sha512-rp3So07KcdmmKbGvgaNxQSJr7bGVSVk5S9Eq1F+ppbRo70+YeaDxkw5Dd8NPN+GD6bjnYm2VuPuCXmpuYvmCXQ==}

  safe-stable-stringify@2.5.0:
    resolution: {integrity: sha512-b3rppTKm9T+PsVCBEOUR46GWI7fdOs00VKZ1+9c1EWDaDMvjQc6tUwuFyIprgGgTcWoVHSKrU8H31ZHA2e0RHA==}
    engines: {node: '>=10'}

  safer-buffer@2.1.2:
    resolution: {integrity: sha512-YZo3K82SD7Riyi0E1EQPojLz7kpepnSQI9IyPbHHg1XXXevb5dJI7tpyN2ADxGcQbHG7vcyRHk0cbwqcQriUtg==}

  selderee@0.12.0:
    resolution: {integrity: sha512-b1YMh3+DHZp59DLna3qVwQ5iOla/nrI6mLBNW02XxU77M3046Df6VLkoaJyFz20VsGIG5kkp+FK0kg4K4HnUFw==}

  smart-buffer@4.2.0:
    resolution: {integrity: sha512-94hK0Hh8rPqQl2xXc3HsaBoOXKV20MToPkcXvwbISWLEs+64sBq5kFgn2kJDHb1Pry9yrP0dxrCI9RRci7RXKg==}
    engines: {node: '>= 6.0.0', npm: '>= 3.0.0'}

  socks@2.8.9:
    resolution: {integrity: sha512-LJhUYUvItdQ0LkJTmPeaEObWXAqFyfmP85x0tch/ez9cahmhlBBLbIqDFnvBnUJGagb0JbIQrkBs1wJ+yRYpEw==}
    engines: {node: '>= 10.0.0', npm: '>= 3.0.0'}

  sonic-boom@4.2.1:
    resolution: {integrity: sha512-w6AxtubXa2wTXAUsZMMWERrsIRAdrK0Sc+FUytWvYAhBJLyuI4llrMIC1DtlNSdI99EI86KZum2MMq3EAZlF9Q==}

  split2@4.2.0:
    resolution: {integrity: sha512-UcjcJOWknrNkF6PLX83qcHM6KHgVKNkV62Y8a5uYDVv9ydGQVwAHMKqHdJje1VTWpljG0WYpCDhrCdAOYH4TWg==}
    engines: {node: '>= 10.x'}

  thread-stream@4.2.0:
    resolution: {integrity: sha512-e2zZ96wSChazBsbENf/Pcm/4swHt2cEKQ92rhUjkL9GCKiTDJIaTBenjE/m9DXi0QBmTMDkFDdOomUy20A1tDQ==}
    engines: {node: '>=20'}

  tlds@1.261.0:
    resolution: {integrity: sha512-QXqwfEl9ddlGBaRFXIvNKK6OhipSiLXuRuLJX5DErz0o0Q0rYxulWLdFryTkV5PkdZct5iMInwYEGe/eR++1AA==}
    hasBin: true

  uc.micro@2.1.0:
    resolution: {integrity: sha512-ARDJmphmdvUk6Glw7y9DQ2bFkKBHwQHLi2lsaH6PPmz/Ka9sFOBsBluozhDltWmnv9u/cF6Rt87znRTPV+yp/A==}

  web-push@3.6.7:
    resolution: {integrity: sha512-OpiIUe8cuGjrj3mMBFWY+e4MMIkW3SVT+7vEIjvD9kejGUypv8GPDf84JdPWskK8zMRIJ6xYGm+Kxr8YkPyA0A==}
    engines: {node: '>= 16'}
    hasBin: true

  xlsx@https://cdn.sheetjs.com/xlsx-0.20.3/xlsx-0.20.3.tgz:
    resolution: {integrity: sha512-oLDq3jw7AcLqKWH2AhCpVTZl8mf6X2YReP+Neh0SJUzV/BdZYjth94tG5toiMB1PPrYtxOCfaoUCkvtuH+3AJA==, tarball: https://cdn.sheetjs.com/xlsx-0.20.3/xlsx-0.20.3.tgz}
    version: 0.20.3
    engines: {node: '>=0.8'}
    hasBin: true

  xtend@4.0.2:
    resolution: {integrity: sha512-LKYU1iAXJXUgAXn9URjiu+MWhyUXHsvfp7mcuYm9dSUKK0/CjtrUwFAxD82/mCWbtLsGjFIad0wIsod4zrTAEQ==}
    engines: {node: '>=0.4'}

snapshots:

  '@pinojs/redact@0.4.0': {}

  '@selderee/plugin-htmlparser2@0.12.0(selderee@0.12.0)':
    dependencies:
      domelementtype: 2.3.0
      domhandler: 5.0.3
      selderee: 0.12.0

  '@zone-eu/mailsplit@5.4.16':
    dependencies:
      libbase64: 1.3.0
      libmime: 5.4.3
      libqp: 2.1.1

  '@zone-eu/mailsplit@5.4.17':
    dependencies:
      libbase64: 1.3.0
      libmime: 5.4.4
      libqp: 2.1.1

  agent-base@7.1.4: {}

  asn1.js@5.4.1:
    dependencies:
      bn.js: 4.12.5
      inherits: 2.0.4
      minimalistic-assert: 1.0.1
      safer-buffer: 2.1.2

  atomic-sleep@1.0.0: {}

  bn.js@4.12.5: {}

  buffer-equal-constant-time@1.0.1: {}

  debug@4.4.3:
    dependencies:
      ms: 2.1.3

  deepmerge-ts@8.0.2: {}

  dom-serializer@2.0.0:
    dependencies:
      domelementtype: 2.3.0
      domhandler: 5.0.3
      entities: 4.5.0

  domelementtype@2.3.0: {}

  domhandler@5.0.3:
    dependencies:
      domelementtype: 2.3.0

  domutils@3.2.2:
    dependencies:
      dom-serializer: 2.0.0
      domelementtype: 2.3.0
      domhandler: 5.0.3

  ecdsa-sig-formatter@1.0.11:
    dependencies:
      safe-buffer: 5.2.1

  encoding-japanese@2.3.0: {}

  encoding-japanese@2.4.0: {}

  entities@4.5.0: {}

  entities@7.0.1: {}

  he@1.2.0: {}

  html-to-text@10.0.1:
    dependencies:
      '@selderee/plugin-htmlparser2': 0.12.0(selderee@0.12.0)
      deepmerge-ts: 8.0.2
      dom-serializer: 2.0.0
      htmlparser2: 10.1.0
      selderee: 0.12.0

  htmlparser2@10.1.0:
    dependencies:
      domelementtype: 2.3.0
      domhandler: 5.0.3
      domutils: 3.2.2
      entities: 7.0.1

  http_ece@1.2.0: {}

  https-proxy-agent@7.0.6:
    dependencies:
      agent-base: 7.1.4
      debug: 4.4.3
    transitivePeerDependencies:
      - supports-color

  iconv-lite@0.7.3:
    dependencies:
      safer-buffer: 2.1.2

  imapflow@1.7.8:
    dependencies:
      '@zone-eu/mailsplit': 5.4.16
      encoding-japanese: 2.3.0
      iconv-lite: 0.7.3
      libbase64: 1.3.0
      libmime: 5.4.3
      libqp: 2.1.1
      pino: 10.3.1
      socks: 2.8.9

  inherits@2.0.4: {}

  ip-address@10.7.2: {}

  jwa@2.0.1:
    dependencies:
      buffer-equal-constant-time: 1.0.1
      ecdsa-sig-formatter: 1.0.11
      safe-buffer: 5.2.1

  jws@4.0.1:
    dependencies:
      jwa: 2.0.1
      safe-buffer: 5.2.1

  leac@0.7.0: {}

  libbase64@1.3.0: {}

  libmime@5.4.3:
    dependencies:
      encoding-japanese: 2.3.0
      iconv-lite: 0.7.3
      libbase64: 1.3.0
      libqp: 2.1.1

  libmime@5.4.4:
    dependencies:
      encoding-japanese: 2.4.0
      iconv-lite: 0.7.3
      libbase64: 1.3.0
      libqp: 2.1.1

  libqp@2.1.1: {}

  linkify-it@5.0.2:
    dependencies:
      uc.micro: 2.1.0

  mailparser@3.9.28:
    dependencies:
      '@zone-eu/mailsplit': 5.4.17
      encoding-japanese: 2.4.0
      he: 1.2.0
      html-to-text: 10.0.1
      iconv-lite: 0.7.3
      libmime: 5.4.4
      linkify-it: 5.0.2
      nodemailer: 10.0.10
      punycode.js: 2.3.1
      tlds: 1.261.0

  minimalistic-assert@1.0.1: {}

  minimist@1.2.8: {}

  ms@2.1.3: {}

  nodemailer@10.0.10: {}

  on-exit-leak-free@2.1.2: {}

  parseley@0.13.1:
    dependencies:
      leac: 0.7.0
      peberminta: 0.10.0

  peberminta@0.10.0: {}

  pg-cloudflare@1.4.0:
    optional: true

  pg-connection-string@2.14.0: {}

  pg-int8@1.0.1: {}

  pg-pool@3.14.0(pg@8.23.0):
    dependencies:
      pg: 8.23.0

  pg-protocol@1.16.0: {}

  pg-types@2.2.0:
    dependencies:
      pg-int8: 1.0.1
      postgres-array: 2.0.0
      postgres-bytea: 1.0.1
      postgres-date: 1.0.7
      postgres-interval: 1.2.0

  pg@8.23.0:
    dependencies:
      pg-connection-string: 2.14.0
      pg-pool: 3.14.0(pg@8.23.0)
      pg-protocol: 1.16.0
      pg-types: 2.2.0
      pgpass: 1.0.5
    optionalDependencies:
      pg-cloudflare: 1.4.0

  pgpass@1.0.5:
    dependencies:
      split2: 4.2.0

  pino-abstract-transport@3.0.0:
    dependencies:
      split2: 4.2.0

  pino-std-serializers@7.1.0: {}

  pino@10.3.1:
    dependencies:
      '@pinojs/redact': 0.4.0
      atomic-sleep: 1.0.0
      on-exit-leak-free: 2.1.2
      pino-abstract-transport: 3.0.0
      pino-std-serializers: 7.1.0
      process-warning: 5.1.0
      quick-format-unescaped: 4.0.4
      real-require: 0.2.0
      safe-stable-stringify: 2.5.0
      sonic-boom: 4.2.1
      thread-stream: 4.2.0

  postgres-array@2.0.0: {}

  postgres-bytea@1.0.1: {}

  postgres-date@1.0.7: {}

  postgres-interval@1.2.0:
    dependencies:
      xtend: 4.0.2

  process-warning@5.1.0: {}

  punycode.js@2.3.1: {}

  quick-format-unescaped@4.0.4: {}

  real-require@0.2.0: {}

  real-require@1.0.0: {}

  safe-buffer@5.2.1: {}

  safe-stable-stringify@2.5.0: {}

  safer-buffer@2.1.2: {}

  selderee@0.12.0:
    dependencies:
      parseley: 0.13.1

  smart-buffer@4.2.0: {}

  socks@2.8.9:
    dependencies:
      ip-address: 10.7.2
      smart-buffer: 4.2.0

  sonic-boom@4.2.1:
    dependencies:
      atomic-sleep: 1.0.0

  split2@4.2.0: {}

  thread-stream@4.2.0:
    dependencies:
      real-require: 1.0.0

  tlds@1.261.0: {}

  uc.micro@2.1.0: {}

  web-push@3.6.7:
    dependencies:
      asn1.js: 5.4.1
      http_ece: 1.2.0
      https-proxy-agent: 7.0.6
      jws: 4.0.1
      minimist: 1.2.8
    transitivePeerDependencies:
      - supports-color

  xlsx@https://cdn.sheetjs.com/xlsx-0.20.3/xlsx-0.20.3.tgz: {}

  xtend@4.0.2: {}
